// !$*UTF8*$!
{
	archiveVersion = 1;
	classes = {
	};
	objectVersion = 56;
	objects = {

/* Begin PBXBuildFile section */
		6432BF992D8CFA41004B2252 /* CameraPreviewView.swift in Sources */ = {isa = PBXBuildFile; fileRef = 6432BF972D8CFA41004B2252 /* CameraPreviewView.swift */; };
		6432BF9A2D8CFA41004B2252 /* CameraView.swift in Sources */ = {isa = PBXBuildFile; fileRef = 6432BF982D8CFA41004B2252 /* CameraView.swift */; };
		6432BF9B2D8CFA41004B2252 /* CameraManager.swift in Sources */ = {isa = PBXBuildFile; fileRef = 6432BF962D8CFA41004B2252 /* CameraManager.swift */; };
		6432BF9D2D8CFD54004B2252 /* ImagePickerView.swift in Sources */ = {isa = PBXBuildFile; fileRef = 6432BF9C2D8CFD54004B2252 /* ImagePickerView.swift */; };
		6432BFA12D8D08FC004B2252 /* LightingAnalyzer.swift in Sources */ = {isa = PBXBuildFile; fileRef = 6432BFA02D8D08FC004B2252 /* LightingAnalyzer.swift */; };
		6432BFA32D8D0959004B2252 /* LightingAnalysisView.swift in Sources */ = {isa = PBXBuildFile; fileRef = 6432BFA22D8D0959004B2252 /* LightingAnalysisView.swift */; };
		8A1234561234567800000001 /* PlantamApp.swift in Sources */ = {isa = PBXBuildFile; fileRef = 8A1234561234567800000010 /* PlantamApp.swift */; };
		8A1234561234567800000002 /* ContentView.swift in Sources */ = {isa = PBXBuildFile; fileRef = 8A1234561234567800000011 /* ContentView.swift */; };
		8A1234561234567800000003 /* Assets.xcassets in Resources */ = {isa = PBXBuildFile; fileRef = 8A1234561234567800000012 /* Assets.xcassets */; };
		8A1234561234567800000004 /* Preview Assets.xcassets in Resources */ = {isa = PBXBuildFile; fileRef = 8A1234561234567800000013 /* Preview Assets.xcassets */; };
/* End PBXBuildFile section */

/* Begin PBXFileReference section */
		6432BF962D8CFA41004B2252 /* CameraManager.swift */ = {isa = PBXFileReference; lastKnownFileType = sourcecode.swift; name = CameraManager.swift; path = Plantam/CameraManager.swift; sourceTree = "<group>"; };
		6432BF972D8CFA41004B2252 /* CameraPreviewView.swift */ = {isa = PBXFileReference; lastKnownFileType = sourcecode.swift; name = CameraPreviewView.swift; path = Plantam/CameraPreviewView.swift; sourceTree = "<group>"; };
		6432BF982D8CFA41004B2252 /* CameraView.swift */ = {isa = PBXFileReference; lastKnownFileType = sourcecode.swift; name = CameraView.swift; path = Plantam/CameraView.swift; sourceTree = "<group>"; };
		6432BF9C2D8CFD54004B2252 /* ImagePickerView.swift */ = {isa = PBXFileReference; lastKnownFileType = sourcecode.swift; name = ImagePickerView.swift; path = Plantam/ImagePickerView.swift; sourceTree = "<group>"; };
		6432BFA02D8D08FC004B2252 /* LightingAnalyzer.swift */ = {isa = PBXFileReference; lastKnownFileType = sourcecode.swift; name = LightingAnalyzer.swift; path = Plantam/LightingAnalyzer.swift; sourceTree = "<group>"; };
		6432BFA22D8D0959004B2252 /* LightingAnalysisView.swift */ = {isa = PBXFileReference; lastKnownFileType = sourcecode.swift; name = LightingAnalysisView.swift; path = Plantam/LightingAnalysisView.swift; sourceTree = "<group>"; };
		8A1234561234567800000000 /* Plantam.app */ = {isa = PBXFileReference; explicitFileType = wrapper.application; includeInIndex = 0; path = Plantam.app; sourceTree = BUILT_PRODUCTS_DIR; };
		8A1234561234567800000010 /* PlantamApp.swift */ = {isa = PBXFileReference; lastKnownFileType = sourcecode.swift; path = PlantamApp.swift; sourceTree = "<group>"; };
		8A1234561234567800000011 /* ContentView.swift */ = {isa = PBXFileReference; lastKnownFileType = sourcecode.swift; path = ContentView.swift; sourceTree = "<group>"; };
		8A1234561234567800000012 /* Assets.xcassets */ = {isa = PBXFileReference; lastKnownFileType = folder.assetcatalog; path = Assets.xcassets; sourceTree = "<group>"; };
		8A1234561234567800000013 /* Preview Assets.xcassets */ = {isa = PBXFileReference; lastKnownFileType = folder.assetcatalog; path = "Preview Assets.xcassets"; sourceTree = "<group>"; };
		8A1234561234567800000014 /* Info.plist */ = {isa = PBXFileReference; lastKnownFileType = text.plist.xml; path = Info.plist; sourceTree = "<group>"; };
/* End PBXFileReference section */

/* Begin PBXFrameworksBuildPhase section */
		8A12345612345678000000A0 /* Frameworks */ = {
			isa = PBXFrameworksBuildPhase;
			buildActionMask = 2147483647;
			files = (
			);
			runOnlyForDeploymentPostprocessing = 0;
		};
/* End PBXFrameworksBuildPhase section */

/* Begin PBXGroup section */
		8A12345612345678000000B0 = {
			isa = PBXGroup;
			children = (
				6432BFA22D8D0959004B2252 /* LightingAnalysisView.swift */,
				6432BFA02D8D08FC004B2252 /* LightingAnalyzer.swift */,
				6432BF9C2D8CFD54004B2252 /* ImagePickerView.swift */,
				6432BF962D8CFA41004B2252 /* CameraManager.swift */,
				6432BF972D8CFA41004B2252 /* CameraPreviewView.swift */,
				6432BF982D8CFA41004B2252 /* CameraView.swift */,
				8A12345612345678000000B1 /* Plantam */,
				8A12345612345678000000B2 /* Products */,
			);
			sourceTree = "<group>";
		};
		8A12345612345678000000B1 /* Plantam */ = {
			isa = PBXGroup;
			children = (
				8A1234561234567800000010 /* PlantamApp.swift */,
				8A1234561234567800000011 /* ContentView.swift */,
				8A1234561234567800000012 /* Assets.xcassets */,
				8A1234561234567800000014 /* Info.plist */,
				8A12345612345678000000B3 /* Preview Content */,
			);
			path = Plantam;
			sourceTree = "<group>";
		};
		8A12345612345678000000B2 /* Products */ = {
			isa = PBXGroup;
			children = (
				8A1234561234567800000000 /* Plantam.app */,
			);
			name = Products;
			sourceTree = "<group>";
		};
		8A12345612345678000000B3 /* Preview Content */ = {
			isa = PBXGroup;
			children = (
				8A1234561234567800000013 /* Preview Assets.xcassets */,
			);
			path = "Preview Content";
			sourceTree = "<group>";
		};
/* End PBXGroup section */

/* Begin PBXNativeTarget section */
		8A12345612345678000000C0 /* Plantam */ = {
			isa = PBXNativeTarget;
			buildConfigurationList = 8A12345612345678000000C1 /* Build configuration list for PBXNativeTarget "Plantam" */;
			buildPhases = (
				8A12345612345678000000C2 /* Sources */,
				8A12345612345678000000A0 /* Frameworks */,
				8A12345612345678000000C3 /* Resources */,
			);
			buildRules = (
			);
			dependencies = (
			);
			name = Plantam;
			packageProductDependencies = (
			);
			productName = Plantam;
			productReference = 8A1234561234567800000000 /* Plantam.app */;
			productType = "com.apple.product-type.application";
		};
/* End PBXNativeTarget section */

/* Begin PBXProject section */
		8A12345612345678000000D0 /* Project object */ = {
			isa = PBXProject;
			attributes = {
				BuildIndependentTargetsInParallel = 1;
				LastSwiftUpdateCheck = 1500;
				LastUpgradeCheck = 1500;
				TargetAttributes = {
					8A12345612345678000000C0 = {
						CreatedOnToolsVersion = 15.0;
					};
				};
			};
			buildConfigurationList = 8A12345612345678000000D1 /* Build configuration list for PBXProject "Plantam" */;
			compatibilityVersion = "Xcode 14.0";
			developmentRegion = en;
			hasScannedForEncodings = 0;
			knownRegions = (
				en,
				Base,
			);
			mainGroup = 8A12345612345678000000B0;
			packageReferences = (
			);
			productRefGroup = 8A12345612345678000000B2 /* Products */;
			projectDirPath = "";
			projectRoot = "";
			targets = (
				8A12345612345678000000C0 /* Plantam */,
			);
		};
/* End PBXProject section */

/* Begin PBXResourcesBuildPhase section */
		8A12345612345678000000C3 /* Resources */ = {
			isa = PBXResourcesBuildPhase;
			buildActionMask = 2147483647;
			files = (
				8A1234561234567800000004 /* Preview Assets.xcassets in Resources */,
				8A1234561234567800000003 /* Assets.xcassets in Resources */,
			);
			runOnlyForDeploymentPostprocessing = 0;
		};
/* End PBXResourcesBuildPhase section */

/* Begin PBXSourcesBuildPhase section */
		8A12345612345678000000C2 /* Sources */ = {
			isa = PBXSourcesBuildPhase;
			buildActionMask = 2147483647;
			files = (
				8A1234561234567800000002 /* ContentView.swift in Sources */,
				6432BFA12D8D08FC004B2252 /* LightingAnalyzer.swift in Sources */,
				6432BFA32D8D0959004B2252 /* LightingAnalysisView.swift in Sources */,
				6432BF992D8CFA41004B2252 /* CameraPreviewView.swift in Sources */,
				6432BF9A2D8CFA41004B2252 /* CameraView.swift in Sources */,
				6432BF9B2D8CFA41004B2252 /* CameraManager.swift in Sources */,
				6432BF9D2D8CFD54004B2252 /* ImagePickerView.swift in Sources */,
				8A1234561234567800000001 /* PlantamApp.swift in Sources */,
			);
			runOnlyForDeploymentPostprocessing = 0;
		};
/* End PBXSourcesBuildPhase section */

/* Begin XCBuildConfiguration section */
		8A12345612345678000000E0 /* Debug */ = {
			isa = XCBuildConfiguration;
			buildSettings = {
				ALWAYS_SEARCH_USER_PATHS = NO;
				ASSETCATALOG_COMPILER_GENERATE_SWIFT_ASSET_SYMBOL_EXTENSIONS = YES;
				CLANG_ANALYZER_NONNULL = YES;
				CLANG_ANALYZER_NUMBER_OBJECT_CONVERSION = YES_AGGRESSIVE;
				CLANG_CXX_LANGUAGE_STANDARD = "gnu++20";
				CLANG_ENABLE_MODULES = YES;
				CLANG_ENABLE_OBJC_ARC = YES;
				CLANG_ENABLE_OBJC_WEAK = YES;
				CLANG_WARN_BLOCK_CAPTURE_AUTORELEASING = YES;
				CLANG_WARN_BOOL_CONVERSION = YES;
				CLANG_WARN_COMMA = YES;
				CLANG_WARN_CONSTANT_CONVERSION = YES;
				CLANG_WARN_DEPRECATED_OBJC_IMPLEMENTATIONS = YES;
				CLANG_WARN_DIRECT_OBJC_ISA_USAGE = YES_ERROR;
				CLANG_WARN_DOCUMENTATION_COMMENTS = YES;
				CLANG_WARN_EMPTY_BODY = YES;
				CLANG_WARN_ENUM_CONVERSION = YES;
				CLANG_WARN_INFINITE_RECURSION = YES;
				CLANG_WARN_INT_CONVERSION = YES;
				CLANG_WARN_NON_LITERAL_NULL_CONVERSION = YES;
				CLANG_WARN_OBJC_IMPLICIT_RETAIN_SELF = YES;
				CLANG_WARN_OBJC_LITERAL_CONVERSION = YES;
				CLANG_WARN_OBJC_ROOT_CLASS = YES_ERROR;
				CLANG_WARN_QUOTED_INCLUDE_IN_FRAMEWORK_HEADER = YES;
				CLANG_WARN_RANGE_LOOP_ANALYSIS = YES;
				CLANG_WARN_STRICT_PROTOTYPES = YES;
				CLANG_WARN_SUSPICIOUS_MOVE = YES;
				CLANG_WARN_UNGUARDED_AVAILABILITY = YES_AGGRESSIVE;
				CLANG_WARN_UNREACHABLE_CODE = YES;
				CLANG_WARN__DUPLICATE_METHOD_MATCH = YES;
				COPY_PHASE_STRIP = NO;
				DEBUG_INFORMATION_FORMAT = dwarf;
				ENABLE_STRICT_OBJC_MSGSEND = YES;
				ENABLE_TESTABILITY = YES;
				ENABLE_USER_SCRIPT_SANDBOXING = YES;
				GCC_C_LANGUAGE_STANDARD = gnu17;
				GCC_DYNAMIC_NO_PIC = NO;
				GCC_NO_COMMON_BLOCKS = YES;
				GCC_OPTIMIZATION_LEVEL = 0;
				GCC_PREPROCESSOR_DEFINITIONS = (
					"DEBUG=1",
					"$(inherited)",
				);
				GCC_WARN_64_TO_32_BIT_CONVERSION = YES;
				GCC_WARN_ABOUT_RETURN_TYPE = YES_ERROR;
				GCC_WARN_UNDECLARED_SELECTOR = YES;
				GCC_WARN_UNINITIALIZED_AUTOS = YES_AGGRESSIVE;
				GCC_WARN_UNUSED_FUNCTION = YES;
				GCC_WARN_UNUSED_VARIABLE = YES;
				IPHONEOS_DEPLOYMENT_TARGET = 15.0;
				LOCALIZATION_PREFERS_STRING_CATALOGS = YES;
				MTL_ENABLE_DEBUG_INFO = INCLUDE_SOURCE;
				MTL_FAST_MATH = YES;
				ONLY_ACTIVE_ARCH = YES;
				SDKROOT = iphoneos;
				SWIFT_ACTIVE_COMPILATION_CONDITIONS = "DEBUG $(inherited)";
				SWIFT_OPTIMIZATION_LEVEL = "-Onone";
			};
			name = Debug;
		};
		8A12345612345678000000E1 /* Release */ = {
			isa = XCBuildConfiguration;
			buildSettings = {
				ALWAYS_SEARCH_USER_PATHS = NO;
				ASSETCATALOG_COMPILER_GENERATE_SWIFT_ASSET_SYMBOL_EXTENSIONS = YES;
				CLANG_ANALYZER_NONNULL = YES;
				CLANG_ANALYZER_NUMBER_OBJECT_CONVERSION = YES_AGGRESSIVE;
				CLANG_CXX_LANGUAGE_STANDARD = "gnu++20";
				CLANG_ENABLE_MODULES = YES;
				CLANG_ENABLE_OBJC_ARC = YES;
				CLANG_ENABLE_OBJC_WEAK = YES;
				CLANG_WARN_BLOCK_CAPTURE_AUTORELEASING = YES;
				CLANG_WARN_BOOL_CONVERSION = YES;
				CLANG_WARN_COMMA = YES;
				CLANG_WARN_CONSTANT_CONVERSION = YES;
				CLANG_WARN_DEPRECATED_OBJC_IMPLEMENTATIONS = YES;
				CLANG_WARN_DIRECT_OBJC_ISA_USAGE = YES_ERROR;
				CLANG_WARN_DOCUMENTATION_COMMENTS = YES;
				CLANG_WARN_EMPTY_BODY = YES;
				CLANG_WARN_ENUM_CONVERSION = YES;
				CLANG_WARN_INFINITE_RECURSION = YES;
				CLANG_WARN_INT_CONVERSION = YES;
				CLANG_WARN_NON_LITERAL_NULL_CONVERSION = YES;
				CLANG_WARN_OBJC_IMPLICIT_RETAIN_SELF = YES;
				CLANG_WARN_OBJC_LITERAL_CONVERSION = YES;
				CLANG_WARN_OBJC_ROOT_CLASS = YES_ERROR;
				CLANG_WARN_QUOTED_INCLUDE_IN_FRAMEWORK_HEADER = YES;
				CLANG_WARN_RANGE_LOOP_ANALYSIS = YES;
				CLANG_WARN_STRICT_PROTOTYPES = YES;
				CLANG_WARN_SUSPICIOUS_MOVE = YES;
				CLANG_WARN_UNGUARDED_AVAILABILITY = YES_AGGRESSIVE;
				CLANG_WARN_UNREACHABLE_CODE = YES;
				CLANG_WARN__DUPLICATE_METHOD_MATCH = YES;
				COPY_PHASE_STRIP = NO;
				DEBUG_INFORMATION_FORMAT = "dwarf-with-dsym";
				ENABLE_NS_ASSERTIONS = NO;
				ENABLE_STRICT_OBJC_MSGSEND = YES;
				ENABLE_USER_SCRIPT_SANDBOXING = YES;
				GCC_C_LANGUAGE_STANDARD = gnu17;
				GCC_NO_COMMON_BLOCKS = YES;
				GCC_WARN_64_TO_32_BIT_CONVERSION = YES;
				GCC_WARN_ABOUT_RETURN_TYPE = YES_ERROR;
				GCC_WARN_UNDECLARED_SELECTOR = YES;
				GCC_WARN_UNINITIALIZED_AUTOS = YES_AGGRESSIVE;
				GCC_WARN_UNUSED_FUNCTION = YES;
				GCC_WARN_UNUSED_VARIABLE = YES;
				IPHONEOS_DEPLOYMENT_TARGET = 15.0;
				LOCALIZATION_PREFERS_STRING_CATALOGS = YES;
				MTL_ENABLE_DEBUG_INFO = NO;
				MTL_FAST_MATH = YES;
				SDKROOT = iphoneos;
				SWIFT_COMPILATION_MODE = wholemodule;
				VALIDATE_PRODUCT = YES;
			};
			name = Release;
		};
		8A12345612345678000000F0 /* Debug */ = {
			isa = XCBuildConfiguration;
			buildSettings = {
				ASSETCATALOG_COMPILER_APPICON_NAME = AppIcon;
				ASSETCATALOG_COMPILER_GLOBAL_ACCENT_COLOR_NAME = AccentColor;
				CODE_SIGN_STYLE = Automatic;
				CURRENT_PROJECT_VERSION = 1;
				DEVELOPMENT_ASSET_PATHS = "\"Plantam/Preview Content\"";
				DEVELOPMENT_TEAM = L65638VWK6;
				ENABLE_PREVIEWS = YES;
				GENERATE_INFOPLIST_FILE = YES;
				INFOPLIST_FILE = Plantam/Info.plist;
				INFOPLIST_KEY_UIApplicationSceneManifest_Generation = YES;
				INFOPLIST_KEY_UIApplicationSupportsIndirectInputEvents = YES;
				INFOPLIST_KEY_UILaunchScreen_Generation = YES;
				INFOPLIST_KEY_UISupportedInterfaceOrientations_iPad = "UIInterfaceOrientationPortrait UIInterfaceOrientationPortraitUpsideDown UIInterfaceOrientationLandscapeLeft UIInterfaceOrientationLandscapeRight";
				INFOPLIST_KEY_UISupportedInterfaceOrientations_iPhone = "UIInterfaceOrientationPortrait UIInterfaceOrientationLandscapeLeft UIInterfaceOrientationLandscapeRight";
				IPHONEOS_DEPLOYMENT_TARGET = 16.0;
				LD_RUNPATH_SEARCH_PATHS = (
					"$(inherited)",
					"@executable_path/Frameworks",
				);
				MARKETING_VERSION = 1.0;
				PRODUCT_BUNDLE_IDENTIFIER = com.example.Plantam;
				PRODUCT_NAME = "$(TARGET_NAME)";
				SWIFT_EMIT_LOC_STRINGS = YES;
				SWIFT_VERSION = 5.0;
				TARGETED_DEVICE_FAMILY = "1,2";
			};
			name = Debug;
		};
		8A12345612345678000000F1 /* Release */ = {
			isa = XCBuildConfiguration;
			buildSettings = {
				ASSETCATALOG_COMPILER_APPICON_NAME = AppIcon;
				ASSETCATALOG_COMPILER_GLOBAL_ACCENT_COLOR_NAME = AccentColor;
				CODE_SIGN_STYLE = Automatic;
				CURRENT_PROJECT_VERSION = 1;
				DEVELOPMENT_ASSET_PATHS = "\"Plantam/Preview Content\"";
				DEVELOPMENT_TEAM = L65638VWK6;
				ENABLE_PREVIEWS = YES;
				GENERATE_INFOPLIST_FILE = YES;
				INFOPLIST_FILE = Plantam/Info.plist;
				INFOPLIST_KEY_UIApplicationSceneManifest_Generation = YES;
				INFOPLIST_KEY_UIApplicationSupportsIndirectInputEvents = YES;
				INFOPLIST_KEY_UILaunchScreen_Generation = YES;
				INFOPLIST_KEY_UISupportedInterfaceOrientations_iPad = "UIInterfaceOrientationPortrait UIInterfaceOrientationPortraitUpsideDown UIInterfaceOrientationLandscapeLeft UIInterfaceOrientationLandscapeRight";
				INFOPLIST_KEY_UISupportedInterfaceOrientations_iPhone = "UIInterfaceOrientationPortrait UIInterfaceOrientationLandscapeLeft UIInterfaceOrientationLandscapeRight";
				IPHONEOS_DEPLOYMENT_TARGET = 16.0;
				LD_RUNPATH_SEARCH_PATHS = (
					"$(inherited)",
					"@executable_path/Frameworks",
				);
				MARKETING_VERSION = 1.0;
				PRODUCT_BUNDLE_IDENTIFIER = com.example.Plantam;
				PRODUCT_NAME = "$(TARGET_NAME)";
				SWIFT_EMIT_LOC_STRINGS = YES;
				SWIFT_VERSION = 5.0;
				TARGETED_DEVICE_FAMILY = "1,2";
			};
			name = Release;
		};
/* End XCBuildConfiguration section */

/* Begin XCConfigurationList section */
		8A12345612345678000000C1 /* Build configuration list for PBXNativeTarget "Plantam" */ = {
			isa = XCConfigurationList;
			buildConfigurations = (
				8A12345612345678000000F0 /* Debug */,
				8A12345612345678000000F1 /* Release */,
			);
			defaultConfigurationIsVisible = 0;
			defaultConfigurationName = Release;
		};
		8A12345612345678000000D1 /* Build configuration list for PBXProject "Plantam" */ = {
			isa = XCConfigurationList;
			buildConfigurations = (
				8A12345612345678000000E0 /* Debug */,
				8A12345612345678000000E1 /* Release */,
			);
			defaultConfigurationIsVisible = 0;
			defaultConfigurationName = Release;
		};
/* End XCConfigurationList section */
	};
	rootObject = 8A12345612345678000000D0 /* Project object */;
}
